PODS:
  - BeeHive (1.0.0)
  - Masonry (0.6.4)
  - pop (1.0.9)

DEPENDENCIES:
  - BeeHive (= 1.0.0)
  - Masonry (= 0.6.4)
  - pop (~> 1.0)

SPEC CHECKSUMS:
  BeeHive: dbb793e909749ea3a30e205a882f1229bdc13190
  Masonry: 281802d04d787ea2973179ee8bcb50500579ede2
  pop: f667631a5108a2e60d9e8797c9b32ddaf2080bce

PODFILE CHECKSUM: 2c6770b1d439fa901081204e362890e5a121999c

COCOAPODS: 1.0.1
